{
  "name": "webpack-curso-vue-3",
  "lockfileVersion": 2,
  "requires": true,
  "packages": {
    "": {
      "dependencies": {
        "vue-currency-input": "^3.0.3"
      }
    },
    "node_modules/vue-currency-input": {
      "version": "3.0.3",
      "resolved": "https://registry.npmjs.org/vue-currency-input/-/vue-currency-input-3.0.3.tgz",
      "integrity": "sha512-Q2i1DMoOeRaAay+wuwOvUB4b3dEpyfbatimkiMfo4JjQgjHtoCeAwBMEXuB1XSiIBYX9+QeABsiJ2n8TFvQ/rQ==",
      "peerDependencies": {
        "vue": "^2.7 || ^3.0.0"
      }
    }
  },
  "dependencies": {
    "vue-currency-input": {
      "version": "3.0.3",
      "resolved": "https://registry.npmjs.org/vue-currency-input/-/vue-currency-input-3.0.3.tgz",
      "integrity": "sha512-Q2i1DMoOeRaAay+wuwOvUB4b3dEpyfbatimkiMfo4JjQgjHtoCeAwBMEXuB1XSiIBYX9+QeABsiJ2n8TFvQ/rQ=="
    }
  }
}
